{
  "name": "ajs-platform",
  "version": "1.0.0",
  "lockfileVersion": 3,
  "requires": true,
  "packages": {
    "": {
      "name": "ajs_platform",
      "version": "1.0.0",
      "license": "ISC",
      "dependencies": {
        "@himura-777/ajs-platforms": "^1.0.0"
      }
    },
    "node_modules/@himura-777/ajs-platforms": {
      "version": "1.0.0",
      "resolved": "https://npm.pkg.github.com/download/@himura-777/ajs-platforms/1.0.0/4b5c28539d02f8a10d6aa92b2cdf4710e6b6b21a",
      "integrity": "sha512-RaKzsLYaIb9gi97GUIUPpbCLq8xSnq5mWyz3WkV+zR62qq2biD76u/t7jkAdcijvFwBGhGWmD0yK+8CgdTTKtA==",
      "license": "ISC"
    }
  }
}
